
Microsoft Visual Studio Solution File, Format Version 12.00
# Visual Studio 15
VisualStudioVersion = 15.0.28307.489
MinimumVisualStudioVersion = 10.0.40219.1
Project("{9A19103F-16F7-4668-BE54-9A1E7A4F7556}") = "Common", "Common\Common.csproj", "{D14B45B2-4240-4897-A24B-7ED57D9EEECA}"
EndProject
Project("{9A19103F-16F7-4668-BE54-9A1E7A4F7556}") = "Common.DI", "Common.DI\Common.DI.csproj", "{F7E710B8-CFB1-442A-9970-E18969C944EA}"
EndProject
Project("{2150E333-8FDC-42A3-9474-1A3956D46DE8}") = "Separate Projects", "Separate Projects", "{1C106548-31A1-4B60-8C4D-22A24406885B}"
EndProject
Project("{9A19103F-16F7-4668-BE54-9A1E7A4F7556}") = "Common.Shared", "Common.Shared\Common.Shared.csproj", "{18DC06AC-6D22-44A3-9C4B-B64355086DE9}"
EndProject
Project("{2150E333-8FDC-42A3-9474-1A3956D46DE8}") = "Solution Items", "Solution Items", "{2121F741-15F5-47AD-8B3D-4024405DD0FA}"
	ProjectSection(SolutionItems) = preProject
		..\readme.md = ..\readme.md
	EndProjectSection
EndProject
Project("{9A19103F-16F7-4668-BE54-9A1E7A4F7556}") = "Common.UnitTest", "Common.UnitTest\Common.UnitTest.csproj", "{CD645ED6-D3A6-4050-B3ED-7C90EB5E4B6B}"
EndProject
Project("{9A19103F-16F7-4668-BE54-9A1E7A4F7556}") = "Common.Logs", "Common.Logs\Common.Logs.csproj", "{09612BFC-C041-49F7-9D61-FB9A0CC94E80}"
EndProject
Project("{9A19103F-16F7-4668-BE54-9A1E7A4F7556}") = "Common.Modules", "Common.Modules\Common.Modules.csproj", "{FA054CC3-FC25-4AC5-92AB-C5DE3AA82B1A}"
EndProject
Project("{2150E333-8FDC-42A3-9474-1A3956D46DE8}") = "Test", "Test", "{91DD9A5B-58B9-4D1B-889E-017428BA019C}"
EndProject
Project("{2150E333-8FDC-42A3-9474-1A3956D46DE8}") = "Modules", "Modules", "{2A43D580-B2E1-423D-8527-F611684DAFCA}"
EndProject
Project("{9A19103F-16F7-4668-BE54-9A1E7A4F7556}") = "Common.UnitTest.ModuleA", "Common.UnitTest.ModuleA\Common.UnitTest.ModuleA.csproj", "{4AFCB449-2EFC-4026-B47A-8DA7B418ADCE}"
EndProject
Project("{9A19103F-16F7-4668-BE54-9A1E7A4F7556}") = "Common.UnitTest.ModuleB", "Common.UnitTest.ModuleB\Common.UnitTest.ModuleB.csproj", "{87715E7A-07EC-4BD3-90D3-E416455B85E3}"
EndProject
Project("{2150E333-8FDC-42A3-9474-1A3956D46DE8}") = "NbSites", "NbSites", "{B67675AE-1FBD-4AD3-9C4D-E3BBA9BE8B87}"
EndProject
Project("{9A19103F-16F7-4668-BE54-9A1E7A4F7556}") = "NbSites.Web", "NbSites\NbSites.Web\NbSites.Web.csproj", "{451D6F97-F308-4514-8896-AD685D83A63B}"
EndProject
Project("{2150E333-8FDC-42A3-9474-1A3956D46DE8}") = "Modules", "Modules", "{FF23527E-A568-4F1A-985A-3B0C87714F65}"
EndProject
Project("{9A19103F-16F7-4668-BE54-9A1E7A4F7556}") = "Demo", "NbSites\Modules\Demo\Demo.csproj", "{890F6CC9-183E-4234-BCB4-FC2AA874416C}"
EndProject
Project("{9A19103F-16F7-4668-BE54-9A1E7A4F7556}") = "Common.Web", "Common.Web\Common.Web.csproj", "{0ADEC058-CCC4-4941-AC14-23D4A3358ED9}"
EndProject
Global
	GlobalSection(SolutionConfigurationPlatforms) = preSolution
		Debug|Any CPU = Debug|Any CPU
		Release|Any CPU = Release|Any CPU
	EndGlobalSection
	GlobalSection(ProjectConfigurationPlatforms) = postSolution
		{D14B45B2-4240-4897-A24B-7ED57D9EEECA}.Debug|Any CPU.ActiveCfg = Debug|Any CPU
		{D14B45B2-4240-4897-A24B-7ED57D9EEECA}.Debug|Any CPU.Build.0 = Debug|Any CPU
		{D14B45B2-4240-4897-A24B-7ED57D9EEECA}.Release|Any CPU.ActiveCfg = Release|Any CPU
		{D14B45B2-4240-4897-A24B-7ED57D9EEECA}.Release|Any CPU.Build.0 = Release|Any CPU
		{F7E710B8-CFB1-442A-9970-E18969C944EA}.Debug|Any CPU.ActiveCfg = Debug|Any CPU
		{F7E710B8-CFB1-442A-9970-E18969C944EA}.Debug|Any CPU.Build.0 = Debug|Any CPU
		{F7E710B8-CFB1-442A-9970-E18969C944EA}.Release|Any CPU.ActiveCfg = Release|Any CPU
		{F7E710B8-CFB1-442A-9970-E18969C944EA}.Release|Any CPU.Build.0 = Release|Any CPU
		{18DC06AC-6D22-44A3-9C4B-B64355086DE9}.Debug|Any CPU.ActiveCfg = Debug|Any CPU
		{18DC06AC-6D22-44A3-9C4B-B64355086DE9}.Debug|Any CPU.Build.0 = Debug|Any CPU
		{18DC06AC-6D22-44A3-9C4B-B64355086DE9}.Release|Any CPU.ActiveCfg = Release|Any CPU
		{18DC06AC-6D22-44A3-9C4B-B64355086DE9}.Release|Any CPU.Build.0 = Release|Any CPU
		{CD645ED6-D3A6-4050-B3ED-7C90EB5E4B6B}.Debug|Any CPU.ActiveCfg = Debug|Any CPU
		{CD645ED6-D3A6-4050-B3ED-7C90EB5E4B6B}.Debug|Any CPU.Build.0 = Debug|Any CPU
		{CD645ED6-D3A6-4050-B3ED-7C90EB5E4B6B}.Release|Any CPU.ActiveCfg = Release|Any CPU
		{CD645ED6-D3A6-4050-B3ED-7C90EB5E4B6B}.Release|Any CPU.Build.0 = Release|Any CPU
		{09612BFC-C041-49F7-9D61-FB9A0CC94E80}.Debug|Any CPU.ActiveCfg = Debug|Any CPU
		{09612BFC-C041-49F7-9D61-FB9A0CC94E80}.Debug|Any CPU.Build.0 = Debug|Any CPU
		{09612BFC-C041-49F7-9D61-FB9A0CC94E80}.Release|Any CPU.ActiveCfg = Release|Any CPU
		{09612BFC-C041-49F7-9D61-FB9A0CC94E80}.Release|Any CPU.Build.0 = Release|Any CPU
		{FA054CC3-FC25-4AC5-92AB-C5DE3AA82B1A}.Debug|Any CPU.ActiveCfg = Debug|Any CPU
		{FA054CC3-FC25-4AC5-92AB-C5DE3AA82B1A}.Debug|Any CPU.Build.0 = Debug|Any CPU
		{FA054CC3-FC25-4AC5-92AB-C5DE3AA82B1A}.Release|Any CPU.ActiveCfg = Release|Any CPU
		{FA054CC3-FC25-4AC5-92AB-C5DE3AA82B1A}.Release|Any CPU.Build.0 = Release|Any CPU
		{4AFCB449-2EFC-4026-B47A-8DA7B418ADCE}.Debug|Any CPU.ActiveCfg = Debug|Any CPU
		{4AFCB449-2EFC-4026-B47A-8DA7B418ADCE}.Debug|Any CPU.Build.0 = Debug|Any CPU
		{4AFCB449-2EFC-4026-B47A-8DA7B418ADCE}.Release|Any CPU.ActiveCfg = Release|Any CPU
		{4AFCB449-2EFC-4026-B47A-8DA7B418ADCE}.Release|Any CPU.Build.0 = Release|Any CPU
		{87715E7A-07EC-4BD3-90D3-E416455B85E3}.Debug|Any CPU.ActiveCfg = Debug|Any CPU
		{87715E7A-07EC-4BD3-90D3-E416455B85E3}.Debug|Any CPU.Build.0 = Debug|Any CPU
		{87715E7A-07EC-4BD3-90D3-E416455B85E3}.Release|Any CPU.ActiveCfg = Release|Any CPU
		{87715E7A-07EC-4BD3-90D3-E416455B85E3}.Release|Any CPU.Build.0 = Release|Any CPU
		{451D6F97-F308-4514-8896-AD685D83A63B}.Debug|Any CPU.ActiveCfg = Debug|Any CPU
		{451D6F97-F308-4514-8896-AD685D83A63B}.Debug|Any CPU.Build.0 = Debug|Any CPU
		{451D6F97-F308-4514-8896-AD685D83A63B}.Release|Any CPU.ActiveCfg = Release|Any CPU
		{451D6F97-F308-4514-8896-AD685D83A63B}.Release|Any CPU.Build.0 = Release|Any CPU
		{890F6CC9-183E-4234-BCB4-FC2AA874416C}.Debug|Any CPU.ActiveCfg = Debug|Any CPU
		{890F6CC9-183E-4234-BCB4-FC2AA874416C}.Debug|Any CPU.Build.0 = Debug|Any CPU
		{890F6CC9-183E-4234-BCB4-FC2AA874416C}.Release|Any CPU.ActiveCfg = Release|Any CPU
		{890F6CC9-183E-4234-BCB4-FC2AA874416C}.Release|Any CPU.Build.0 = Release|Any CPU
		{0ADEC058-CCC4-4941-AC14-23D4A3358ED9}.Debug|Any CPU.ActiveCfg = Debug|Any CPU
		{0ADEC058-CCC4-4941-AC14-23D4A3358ED9}.Debug|Any CPU.Build.0 = Debug|Any CPU
		{0ADEC058-CCC4-4941-AC14-23D4A3358ED9}.Release|Any CPU.ActiveCfg = Release|Any CPU
		{0ADEC058-CCC4-4941-AC14-23D4A3358ED9}.Release|Any CPU.Build.0 = Release|Any CPU
	EndGlobalSection
	GlobalSection(SolutionProperties) = preSolution
		HideSolutionNode = FALSE
	EndGlobalSection
	GlobalSection(NestedProjects) = preSolution
		{F7E710B8-CFB1-442A-9970-E18969C944EA} = {1C106548-31A1-4B60-8C4D-22A24406885B}
		{18DC06AC-6D22-44A3-9C4B-B64355086DE9} = {1C106548-31A1-4B60-8C4D-22A24406885B}
		{CD645ED6-D3A6-4050-B3ED-7C90EB5E4B6B} = {91DD9A5B-58B9-4D1B-889E-017428BA019C}
		{09612BFC-C041-49F7-9D61-FB9A0CC94E80} = {1C106548-31A1-4B60-8C4D-22A24406885B}
		{FA054CC3-FC25-4AC5-92AB-C5DE3AA82B1A} = {1C106548-31A1-4B60-8C4D-22A24406885B}
		{2A43D580-B2E1-423D-8527-F611684DAFCA} = {91DD9A5B-58B9-4D1B-889E-017428BA019C}
		{4AFCB449-2EFC-4026-B47A-8DA7B418ADCE} = {2A43D580-B2E1-423D-8527-F611684DAFCA}
		{87715E7A-07EC-4BD3-90D3-E416455B85E3} = {2A43D580-B2E1-423D-8527-F611684DAFCA}
		{451D6F97-F308-4514-8896-AD685D83A63B} = {B67675AE-1FBD-4AD3-9C4D-E3BBA9BE8B87}
		{FF23527E-A568-4F1A-985A-3B0C87714F65} = {B67675AE-1FBD-4AD3-9C4D-E3BBA9BE8B87}
		{890F6CC9-183E-4234-BCB4-FC2AA874416C} = {FF23527E-A568-4F1A-985A-3B0C87714F65}
		{0ADEC058-CCC4-4941-AC14-23D4A3358ED9} = {1C106548-31A1-4B60-8C4D-22A24406885B}
	EndGlobalSection
	GlobalSection(ExtensibilityGlobals) = postSolution
		SolutionGuid = {C15D5D5A-B1FB-4C85-954D-9F6A8F3D52F7}
	EndGlobalSection
EndGlobal
